<?xml version="1.0" encoding="UTF-8"?>
<CONFIG>
  <ProjectOptions>
    <Version Value="9"/>
    <PathDelim Value="\"/>
    <General>
      <SessionStorage Value="InProjectDir"/>
      <MainUnit Value="0"/>
      <Title Value="Schedule"/>
      <ResourceType Value="res"/>
      <UseXPManifest Value="True"/>
      <Icon Value="0"/>
    </General>
    <i18n>
      <EnableI18N LFM="False"/>
    </i18n>
    <VersionInfo>
      <StringTable ProductVersion=""/>
    </VersionInfo>
    <BuildModes Count="1">
      <Item1 Name="Default" Default="True"/>
    </BuildModes>
    <PublishOptions>
      <Version Value="2"/>
    </PublishOptions>
    <RunParams>
      <local>
        <FormatVersion Value="1"/>
      </local>
    </RunParams>
    <RequiredPackages Count="3">
      <Item1>
        <PackageName Value="FCL"/>
      </Item1>
      <Item2>
        <PackageName Value="SQLDBLaz"/>
      </Item2>
      <Item3>
        <PackageName Value="LCL"/>
      </Item3>
    </RequiredPackages>
    <Units Count="13">
      <Unit0>
        <Filename Value="Schedule.lpr"/>
        <IsPartOfProject Value="True"/>
        <UnitName Value="Schedule"/>
      </Unit0>
      <Unit1>
        <Filename Value="umain.pas"/>
        <IsPartOfProject Value="True"/>
        <ComponentName Value="MainForm"/>
        <HasResources Value="True"/>
        <ResourceBaseClass Value="Form"/>
        <UnitName Value="UMain"/>
      </Unit1>
      <Unit2>
        <Filename Value="udbconnection.pas"/>
        <IsPartOfProject Value="True"/>
        <ComponentName Value="DataModuleMain"/>
        <HasResources Value="True"/>
        <ResourceBaseClass Value="DataModule"/>
        <UnitName Value="UDBConnection"/>
      </Unit2>
      <Unit3>
        <Filename Value="umetadata.pas"/>
        <IsPartOfProject Value="True"/>
        <UnitName Value="UMetadata"/>
      </Unit3>
      <Unit4>
        <Filename Value="ulistview.pas"/>
        <IsPartOfProject Value="True"/>
        <ComponentName Value="FormListView"/>
        <HasResources Value="True"/>
        <ResourceBaseClass Value="Form"/>
        <UnitName Value="UListView"/>
      </Unit4>
      <Unit5>
        <Filename Value="uabout.pas"/>
        <IsPartOfProject Value="True"/>
        <ComponentName Value="FormAbout"/>
        <HasResources Value="True"/>
        <ResourceBaseClass Value="Form"/>
        <UnitName Value="UAbout"/>
      </Unit5>
      <Unit6>
        <Filename Value="usqlqueries.pas"/>
        <IsPartOfProject Value="True"/>
        <UnitName Value="USQLQueries"/>
      </Unit6>
      <Unit7>
        <Filename Value="ufilters.pas"/>
        <IsPartOfProject Value="True"/>
        <UnitName Value="UFilters"/>
      </Unit7>
      <Unit8>
        <Filename Value="ueditform.pas"/>
        <IsPartOfProject Value="True"/>
        <ComponentName Value="EditForm"/>
        <HasResources Value="True"/>
        <ResourceBaseClass Value="Form"/>
        <UnitName Value="UEditForm"/>
      </Unit8>
      <Unit9>
        <Filename Value="ueditors.pas"/>
        <IsPartOfProject Value="True"/>
        <UnitName Value="UEditors"/>
      </Unit9>
      <Unit10>
        <Filename Value="uscheduleform.pas"/>
        <IsPartOfProject Value="True"/>
        <ComponentName Value="ScheduleForm"/>
        <HasResources Value="True"/>
        <ResourceBaseClass Value="Form"/>
        <UnitName Value="UScheduleForm"/>
      </Unit10>
      <Unit11>
        <Filename Value="ubuttons.pas"/>
        <IsPartOfProject Value="True"/>
        <UnitName Value="UButtons"/>
      </Unit11>
      <Unit12>
        <Filename Value="ugrid.pas"/>
        <IsPartOfProject Value="True"/>
        <UnitName Value="UGrid"/>
      </Unit12>
    </Units>
  </ProjectOptions>
  <CompilerOptions>
    <Version Value="11"/>
    <PathDelim Value="\"/>
    <Target>
      <Filename Value="Schedule"/>
    </Target>
    <SearchPaths>
      <IncludeFiles Value="$(ProjOutDir)"/>
      <UnitOutputDirectory Value="lib\$(TargetCPU)-$(TargetOS)"/>
    </SearchPaths>
    <Linking>
      <Options>
        <Win32>
          <GraphicApplication Value="True"/>
        </Win32>
      </Options>
    </Linking>
    <Other>
      <CompilerMessages>
        <MsgFileName Value=""/>
      </CompilerMessages>
      <CompilerPath Value="$(CompPath)"/>
    </Other>
  </CompilerOptions>
  <Debugging>
    <Exceptions Count="3">
      <Item1>
        <Name Value="EAbort"/>
      </Item1>
      <Item2>
        <Name Value="ECodetoolError"/>
      </Item2>
      <Item3>
        <Name Value="EFOpenError"/>
      </Item3>
    </Exceptions>
  </Debugging>
</CONFIG>
